// !$*UTF8*$!
{
	archiveVersion = 1;
	classes = {
	};
	objectVersion = 50;
	objects = {

/* Begin PBXBuildFile section */
		DE11ADAE21F5D05200E18EF0 /* AppDelegate.swift in Sources */ = {isa = PBXBuildFile; fileRef = DE11ADAD21F5D05200E18EF0 /* AppDelegate.swift */; };
		DE11ADB021F5D05200E18EF0 /* ViewController.swift in Sources */ = {isa = PBXBuildFile; fileRef = DE11ADAF21F5D05200E18EF0 /* ViewController.swift */; };
		DE11ADB321F5D05200E18EF0 /* Main.storyboard in Resources */ = {isa = PBXBuildFile; fileRef = DE11ADB121F5D05200E18EF0 /* Main.storyboard */; };
		DE11ADB521F5D05400E18EF0 /* Assets.xcassets in Resources */ = {isa = PBXBuildFile; fileRef = DE11ADB421F5D05400E18EF0 /* Assets.xcassets */; };
		DE11ADB821F5D05400E18EF0 /* LaunchScreen.storyboard in Resources */ = {isa = PBXBuildFile; fileRef = DE11ADB621F5D05400E18EF0 /* LaunchScreen.storyboard */; };
		DE11ADC021F60E4F00E18EF0 /* Segment.swift in Sources */ = {isa = PBXBuildFile; fileRef = DE11ADBF21F60E4F00E18EF0 /* Segment.swift */; };
/* End PBXBuildFile section */

/* Begin PBXFileReference section */
		DE11ADAA21F5D05200E18EF0 /* terry_week3_assignment.app */ = {isa = PBXFileReference; explicitFileType = wrapper.application; includeInIndex = 0; path = terry_week3_assignment.app; sourceTree = BUILT_PRODUCTS_DIR; };
		DE11ADAD21F5D05200E18EF0 /* AppDelegate.swift */ = {isa = PBXFileReference; lastKnownFileType = sourcecode.swift; path = AppDelegate.swift; sourceTree = "<group>"; };
		DE11ADAF21F5D05200E18EF0 /* ViewController.swift */ = {isa = PBXFileReference; lastKnownFileType = sourcecode.swift; path = ViewController.swift; sourceTree = "<group>"; };
		DE11ADB221F5D05200E18EF0 /* Base */ = {isa = PBXFileReference; lastKnownFileType = file.storyboard; name = Base; path = Base.lproj/Main.storyboard; sourceTree = "<group>"; };
		DE11ADB421F5D05400E18EF0 /* Assets.xcassets */ = {isa = PBXFileReference; lastKnownFileType = folder.assetcatalog; path = Assets.xcassets; sourceTree = "<group>"; };
		DE11ADB721F5D05400E18EF0 /* Base */ = {isa = PBXFileReference; lastKnownFileType = file.storyboard; name = Base; path = Base.lproj/LaunchScreen.storyboard; sourceTree = "<group>"; };
		DE11ADB921F5D05500E18EF0 /* Info.plist */ = {isa = PBXFileReference; lastKnownFileType = text.plist.xml; path = Info.plist; sourceTree = "<group>"; };
		DE11ADBF21F60E4F00E18EF0 /* Segment.swift */ = {isa = PBXFileReference; lastKnownFileType = sourcecode.swift; path = Segment.swift; sourceTree = "<group>"; };
/* End PBXFileReference section */

/* Begin PBXFrameworksBuildPhase section */
		DE11ADA721F5D05200E18EF0 /* Frameworks */ = {
			isa = PBXFrameworksBuildPhase;
			buildActionMask = 2147483647;
			files = (
			);
			runOnlyForDeploymentPostprocessing = 0;
		};
/* End PBXFrameworksBuildPhase section */

/* Begin PBXGroup section */
		DE11ADA121F5D05200E18EF0 = {
			isa = PBXGroup;
			children = (
				DE11ADAC21F5D05200E18EF0 /* terry_week3_assignment */,
				DE11ADAB21F5D05200E18EF0 /* Products */,
			);
			sourceTree = "<group>";
		};
		DE11ADAB21F5D05200E18EF0 /* Products */ = {
			isa = PBXGroup;
			children = (
				DE11ADAA21F5D05200E18EF0 /* terry_week3_assignment.app */,
			);
			name = Products;
			sourceTree = "<group>";
		};
		DE11ADAC21F5D05200E18EF0 /* terry_week3_assignment */ = {
			isa = PBXGroup;
			children = (
				DE11ADAD21F5D05200E18EF0 /* AppDelegate.swift */,
				DE11ADAF21F5D05200E18EF0 /* ViewController.swift */,
				DE11ADBF21F60E4F00E18EF0 /* Segment.swift */,
				DE11ADB121F5D05200E18EF0 /* Main.storyboard */,
				DE11ADB421F5D05400E18EF0 /* Assets.xcassets */,
				DE11ADB621F5D05400E18EF0 /* LaunchScreen.storyboard */,
				DE11ADB921F5D05500E18EF0 /* Info.plist */,
			);
			path = terry_week3_assignment;
			sourceTree = "<group>";
		};
/* End PBXGroup section */

/* Begin PBXNativeTarget section */
		DE11ADA921F5D05200E18EF0 /* terry_week3_assignment */ = {
			isa = PBXNativeTarget;
			buildConfigurationList = DE11ADBC21F5D05500E18EF0 /* Build configuration list for PBXNativeTarget "terry_week3_assignment" */;
			buildPhases = (
				DE11ADA621F5D05200E18EF0 /* Sources */,
				DE11ADA721F5D05200E18EF0 /* Frameworks */,
				DE11ADA821F5D05200E18EF0 /* Resources */,
			);
			buildRules = (
			);
			dependencies = (
			);
			name = terry_week3_assignment;
			productName = terry_week3_assignment;
			productReference = DE11ADAA21F5D05200E18EF0 /* terry_week3_assignment.app */;
			productType = "com.apple.product-type.application";
		};
/* End PBXNativeTarget section */

/* Begin PBXProject section */
		DE11ADA221F5D05200E18EF0 /* Project object */ = {
			isa = PBXProject;
			attributes = {
				LastSwiftUpdateCheck = 1010;
				LastUpgradeCheck = 1010;
				ORGANIZATIONNAME = Terry;
				TargetAttributes = {
					DE11ADA921F5D05200E18EF0 = {
						CreatedOnToolsVersion = 10.1;
					};
				};
			};
			buildConfigurationList = DE11ADA521F5D05200E18EF0 /* Build configuration list for PBXProject "terry_week3_assignment" */;
			compatibilityVersion = "Xcode 9.3";
			developmentRegion = en;
			hasScannedForEncodings = 0;
			knownRegions = (
				en,
				Base,
			);
			mainGroup = DE11ADA121F5D05200E18EF0;
			productRefGroup = DE11ADAB21F5D05200E18EF0 /* Products */;
			projectDirPath = "";
			projectRoot = "";
			targets = (
				DE11ADA921F5D05200E18EF0 /* terry_week3_assignment */,
			);
		};
/* End PBXProject section */

/* Begin PBXResourcesBuildPhase section */
		DE11ADA821F5D05200E18EF0 /* Resources */ = {
			isa = PBXResourcesBuildPhase;
			buildActionMask = 2147483647;
			files = (
				DE11ADB821F5D05400E18EF0 /* LaunchScreen.storyboard in Resources */,
				DE11ADB521F5D05400E18EF0 /* Assets.xcassets in Resources */,
				DE11ADB321F5D05200E18EF0 /* Main.storyboard in Resources */,
			);
			runOnlyForDeploymentPostprocessing = 0;
		};
/* End PBXResourcesBuildPhase section */

/* Begin PBXSourcesBuildPhase section */
		DE11ADA621F5D05200E18EF0 /* Sources */ = {
			isa = PBXSourcesBuildPhase;
			buildActionMask = 2147483647;
			files = (
				DE11ADB021F5D05200E18EF0 /* ViewController.swift in Sources */,
				DE11ADAE21F5D05200E18EF0 /* AppDelegate.swift in Sources */,
				DE11ADC021F60E4F00E18EF0 /* Segment.swift in Sources */,
			);
			runOnlyForDeploymentPostprocessing = 0;
		};
/* End PBXSourcesBuildPhase section */

/* Begin PBXVariantGroup section */
		DE11ADB121F5D05200E18EF0 /* Main.storyboard */ = {
			isa = PBXVariantGroup;
			children = (
				DE11ADB221F5D05200E18EF0 /* Base */,
			);
			name = Main.storyboard;
			sourceTree = "<group>";
		};
		DE11ADB621F5D05400E18EF0 /* LaunchScreen.storyboard */ = {
			isa = PBXVariantGroup;
			children = (
				DE11ADB721F5D05400E18EF0 /* Base */,
			);
			name = LaunchScreen.storyboard;
			sourceTree = "<group>";
		};
/* End PBXVariantGroup section */

/* Begin XCBuildConfiguration section */
		DE11ADBA21F5D05500E18EF0 /* Debug */ = {
			isa = XCBuildConfiguration;
			buildSettings = {
				ALWAYS_SEARCH_USER_PATHS = NO;
				CLANG_ANALYZER_NONNULL = YES;
				CLANG_ANALYZER_NUMBER_OBJECT_CONVERSION = YES_AGGRESSIVE;
				CLANG_CXX_LANGUAGE_STANDARD = "gnu++14";
				CLANG_CXX_LIBRARY = "libc++";
				CLANG_ENABLE_MODULES = YES;
				CLANG_ENABLE_OBJC_ARC = YES;
				CLANG_ENABLE_OBJC_WEAK = YES;
				CLANG_WARN_BLOCK_CAPTURE_AUTORELEASING = YES;
				CLANG_WARN_BOOL_CONVERSION = YES;
				CLANG_WARN_COMMA = YES;
				CLANG_WARN_CONSTANT_CONVERSION = YES;
				CLANG_WARN_DEPRECATED_OBJC_IMPLEMENTATIONS = YES;
				CLANG_WARN_DIRECT_OBJC_ISA_USAGE = YES_ERROR;
				CLANG_WARN_DOCUMENTATION_COMMENTS = YES;
				CLANG_WARN_EMPTY_BODY = YES;
				CLANG_WARN_ENUM_CONVERSION = YES;
				CLANG_WARN_INFINITE_RECURSION = YES;
				CLANG_WARN_INT_CONVERSION = YES;
				CLANG_WARN_NON_LITERAL_NULL_CONVERSION = YES;
				CLANG_WARN_OBJC_IMPLICIT_RETAIN_SELF = YES;
				CLANG_WARN_OBJC_LITERAL_CONVERSION = YES;
				CLANG_WARN_OBJC_ROOT_CLASS = YES_ERROR;
				CLANG_WARN_RANGE_LOOP_ANALYSIS = YES;
				CLANG_WARN_STRICT_PROTOTYPES = YES;
				CLANG_WARN_SUSPICIOUS_MOVE = YES;
				CLANG_WARN_UNGUARDED_AVAILABILITY = YES_AGGRESSIVE;
				CLANG_WARN_UNREACHABLE_CODE = YES;
				CLANG_WARN__DUPLICATE_METHOD_MATCH = YES;
				CODE_SIGN_IDENTITY = "iPhone Developer";
				COPY_PHASE_STRIP = NO;
				DEBUG_INFORMATION_FORMAT = dwarf;
				ENABLE_STRICT_OBJC_MSGSEND = YES;
				ENABLE_TESTABILITY = YES;
				GCC_C_LANGUAGE_STANDARD = gnu11;
				GCC_DYNAMIC_NO_PIC = NO;
				GCC_NO_COMMON_BLOCKS = YES;
				GCC_OPTIMIZATION_LEVEL = 0;
				GCC_PREPROCESSOR_DEFINITIONS = (
					"DEBUG=1",
					"$(inherited)",
				);
				GCC_WARN_64_TO_32_BIT_CONVERSION = YES;
				GCC_WARN_ABOUT_RETURN_TYPE = YES_ERROR;
				GCC_WARN_UNDECLARED_SELECTOR = YES;
				GCC_WARN_UNINITIALIZED_AUTOS = YES_AGGRESSIVE;
				GCC_WARN_UNUSED_FUNCTION = YES;
				GCC_WARN_UNUSED_VARIABLE = YES;
				IPHONEOS_DEPLOYMENT_TARGET = 12.1;
				MTL_ENABLE_DEBUG_INFO = INCLUDE_SOURCE;
				MTL_FAST_MATH = YES;
				ONLY_ACTIVE_ARCH = YES;
				SDKROOT = iphoneos;
				SWIFT_ACTIVE_COMPILATION_CONDITIONS = DEBUG;
				SWIFT_OPTIMIZATION_LEVEL = "-Onone";
			};
			name = Debug;
		};
		DE11ADBB21F5D05500E18EF0 /* Release */ = {
			isa = XCBuildConfiguration;
			buildSettings = {
				ALWAYS_SEARCH_USER_PATHS = NO;
				CLANG_ANALYZER_NONNULL = YES;
				CLANG_ANALYZER_NUMBER_OBJECT_CONVERSION = YES_AGGRESSIVE;
				CLANG_CXX_LANGUAGE_STANDARD = "gnu++14";
				CLANG_CXX_LIBRARY = "libc++";
				CLANG_ENABLE_MODULES = YES;
				CLANG_ENABLE_OBJC_ARC = YES;
				CLANG_ENABLE_OBJC_WEAK = YES;
				CLANG_WARN_BLOCK_CAPTURE_AUTORELEASING = YES;
				CLANG_WARN_BOOL_CONVERSION = YES;
				CLANG_WARN_COMMA = YES;
				CLANG_WARN_CONSTANT_CONVERSION = YES;
				CLANG_WARN_DEPRECATED_OBJC_IMPLEMENTATIONS = YES;
				CLANG_WARN_DIRECT_OBJC_ISA_USAGE = YES_ERROR;
				CLANG_WARN_DOCUMENTATION_COMMENTS = YES;
				CLANG_WARN_EMPTY_BODY = YES;
				CLANG_WARN_ENUM_CONVERSION = YES;
				CLANG_WARN_INFINITE_RECURSION = YES;
				CLANG_WARN_INT_CONVERSION = YES;
				CLANG_WARN_NON_LITERAL_NULL_CONVERSION = YES;
				CLANG_WARN_OBJC_IMPLICIT_RETAIN_SELF = YES;
				CLANG_WARN_OBJC_LITERAL_CONVERSION = YES;
				CLANG_WARN_OBJC_ROOT_CLASS = YES_ERROR;
				CLANG_WARN_RANGE_LOOP_ANALYSIS = YES;
				CLANG_WARN_STRICT_PROTOTYPES = YES;
				CLANG_WARN_SUSPICIOUS_MOVE = YES;
				CLANG_WARN_UNGUARDED_AVAILABILITY = YES_AGGRESSIVE;
				CLANG_WARN_UNREACHABLE_CODE = YES;
				CLANG_WARN__DUPLICATE_METHOD_MATCH = YES;
				CODE_SIGN_IDENTITY = "iPhone Developer";
				COPY_PHASE_STRIP = NO;
				DEBUG_INFORMATION_FORMAT = "dwarf-with-dsym";
				ENABLE_NS_ASSERTIONS = NO;
				ENABLE_STRICT_OBJC_MSGSEND = YES;
				GCC_C_LANGUAGE_STANDARD = gnu11;
				GCC_NO_COMMON_BLOCKS = YES;
				GCC_WARN_64_TO_32_BIT_CONVERSION = YES;
				GCC_WARN_ABOUT_RETURN_TYPE = YES_ERROR;
				GCC_WARN_UNDECLARED_SELECTOR = YES;
				GCC_WARN_UNINITIALIZED_AUTOS = YES_AGGRESSIVE;
				GCC_WARN_UNUSED_FUNCTION = YES;
				GCC_WARN_UNUSED_VARIABLE = YES;
				IPHONEOS_DEPLOYMENT_TARGET = 12.1;
				MTL_ENABLE_DEBUG_INFO = NO;
				MTL_FAST_MATH = YES;
				SDKROOT = iphoneos;
				SWIFT_COMPILATION_MODE = wholemodule;
				SWIFT_OPTIMIZATION_LEVEL = "-O";
				VALIDATE_PRODUCT = YES;
			};
			name = Release;
		};
		DE11ADBD21F5D05500E18EF0 /* Debug */ = {
			isa = XCBuildConfiguration;
			buildSettings = {
				ASSETCATALOG_COMPILER_APPICON_NAME = AppIcon;
				CODE_SIGN_STYLE = Automatic;
				DEVELOPMENT_TEAM = B8QRU3Z535;
				INFOPLIST_FILE = terry_week3_assignment/Info.plist;
				LD_RUNPATH_SEARCH_PATHS = (
					"$(inherited)",
					"@executable_path/Frameworks",
				);
				PRODUCT_BUNDLE_IDENTIFIER = "com.terry.terry-week3-assignment";
				PRODUCT_NAME = "$(TARGET_NAME)";
				SWIFT_VERSION = 4.2;
				TARGETED_DEVICE_FAMILY = "1,2";
			};
			name = Debug;
		};
		DE11ADBE21F5D05500E18EF0 /* Release */ = {
			isa = XCBuildConfiguration;
			buildSettings = {
				ASSETCATALOG_COMPILER_APPICON_NAME = AppIcon;
				CODE_SIGN_STYLE = Automatic;
				DEVELOPMENT_TEAM = B8QRU3Z535;
				INFOPLIST_FILE = terry_week3_assignment/Info.plist;
				LD_RUNPATH_SEARCH_PATHS = (
					"$(inherited)",
					"@executable_path/Frameworks",
				);
				PRODUCT_BUNDLE_IDENTIFIER = "com.terry.terry-week3-assignment";
				PRODUCT_NAME = "$(TARGET_NAME)";
				SWIFT_VERSION = 4.2;
				TARGETED_DEVICE_FAMILY = "1,2";
			};
			name = Release;
		};
/* End XCBuildConfiguration section */

/* Begin XCConfigurationList section */
		DE11ADA521F5D05200E18EF0 /* Build configuration list for PBXProject "terry_week3_assignment" */ = {
			isa = XCConfigurationList;
			buildConfigurations = (
				DE11ADBA21F5D05500E18EF0 /* Debug */,
				DE11ADBB21F5D05500E18EF0 /* Release */,
			);
			defaultConfigurationIsVisible = 0;
			defaultConfigurationName = Release;
		};
		DE11ADBC21F5D05500E18EF0 /* Build configuration list for PBXNativeTarget "terry_week3_assignment" */ = {
			isa = XCConfigurationList;
			buildConfigurations = (
				DE11ADBD21F5D05500E18EF0 /* Debug */,
				DE11ADBE21F5D05500E18EF0 /* Release */,
			);
			defaultConfigurationIsVisible = 0;
			defaultConfigurationName = Release;
		};
/* End XCConfigurationList section */
	};
	rootObject = DE11ADA221F5D05200E18EF0 /* Project object */;
}
